%{
  "castore": {:hex, :castore, "0.1.18", "deb5b9ab02400561b6f5708f3e7660fc35ca2d51bfc6a940d2f513f89c2975fc", [:mix], [], "hexpm", "61bbaf6452b782ef80b33cdb45701afbcf0a918a45ebe7e73f1130d661e66a06"},
  "cc_precompiler": {:git, "https://github.com/cocoa-xu/cc_precompiler.git", "d10ba66540503ccd74c48a10b915898b2af0b576", []},
  "elixir_make": {:git, "https://github.com/elixir-lang/elixir_make.git", "cf50646d0d91feaba57ede1a7c8bc296aa506408", []},
  "stb_image": {:git, "https://github.com/cocoa-xu/stb_image.git", "21604443ea7d9323cb88b82134b8812ae37ddd01", []},
}
